
Microsoft Visual Studio Solution File, Format Version 12.00
# Visual Studio 15
VisualStudioVersion = 15.0.26124.0
MinimumVisualStudioVersion = 15.0.26124.0
Project("{FAE04EC0-301F-11D3-BF4B-00C04F79EFBC}") = "PEvents", "Pevents\PEvents.csproj", "{92EC5790-CBFF-4833-9ECD-5A4F27012A57}"
EndProject
Project("{FAE04EC0-301F-11D3-BF4B-00C04F79EFBC}") = "PEvents.Tests", "PEvents.Tests\PEvents.Tests.csproj", "{40D98A60-5974-418B-9D07-2F556A31A15F}"
EndProject
Global
	GlobalSection(SolutionConfigurationPlatforms) = preSolution
		Debug|Any CPU = Debug|Any CPU
		Debug|x64 = Debug|x64
		Debug|x86 = Debug|x86
		Release|Any CPU = Release|Any CPU
		Release|x64 = Release|x64
		Release|x86 = Release|x86
	EndGlobalSection
	GlobalSection(SolutionProperties) = preSolution
		HideSolutionNode = FALSE
	EndGlobalSection
	GlobalSection(ProjectConfigurationPlatforms) = postSolution
		{92EC5790-CBFF-4833-9ECD-5A4F27012A57}.Debug|Any CPU.ActiveCfg = Debug|Any CPU
		{92EC5790-CBFF-4833-9ECD-5A4F27012A57}.Debug|Any CPU.Build.0 = Debug|Any CPU
		{92EC5790-CBFF-4833-9ECD-5A4F27012A57}.Debug|x64.ActiveCfg = Debug|Any CPU
		{92EC5790-CBFF-4833-9ECD-5A4F27012A57}.Debug|x64.Build.0 = Debug|Any CPU
		{92EC5790-CBFF-4833-9ECD-5A4F27012A57}.Debug|x86.ActiveCfg = Debug|Any CPU
		{92EC5790-CBFF-4833-9ECD-5A4F27012A57}.Debug|x86.Build.0 = Debug|Any CPU
		{92EC5790-CBFF-4833-9ECD-5A4F27012A57}.Release|Any CPU.ActiveCfg = Release|Any CPU
		{92EC5790-CBFF-4833-9ECD-5A4F27012A57}.Release|Any CPU.Build.0 = Release|Any CPU
		{92EC5790-CBFF-4833-9ECD-5A4F27012A57}.Release|x64.ActiveCfg = Release|Any CPU
		{92EC5790-CBFF-4833-9ECD-5A4F27012A57}.Release|x64.Build.0 = Release|Any CPU
		{92EC5790-CBFF-4833-9ECD-5A4F27012A57}.Release|x86.ActiveCfg = Release|Any CPU
		{92EC5790-CBFF-4833-9ECD-5A4F27012A57}.Release|x86.Build.0 = Release|Any CPU
		{40D98A60-5974-418B-9D07-2F556A31A15F}.Debug|Any CPU.ActiveCfg = Debug|Any CPU
		{40D98A60-5974-418B-9D07-2F556A31A15F}.Debug|Any CPU.Build.0 = Debug|Any CPU
		{40D98A60-5974-418B-9D07-2F556A31A15F}.Debug|x64.ActiveCfg = Debug|Any CPU
		{40D98A60-5974-418B-9D07-2F556A31A15F}.Debug|x64.Build.0 = Debug|Any CPU
		{40D98A60-5974-418B-9D07-2F556A31A15F}.Debug|x86.ActiveCfg = Debug|Any CPU
		{40D98A60-5974-418B-9D07-2F556A31A15F}.Debug|x86.Build.0 = Debug|Any CPU
		{40D98A60-5974-418B-9D07-2F556A31A15F}.Release|Any CPU.ActiveCfg = Release|Any CPU
		{40D98A60-5974-418B-9D07-2F556A31A15F}.Release|Any CPU.Build.0 = Release|Any CPU
		{40D98A60-5974-418B-9D07-2F556A31A15F}.Release|x64.ActiveCfg = Release|Any CPU
		{40D98A60-5974-418B-9D07-2F556A31A15F}.Release|x64.Build.0 = Release|Any CPU
		{40D98A60-5974-418B-9D07-2F556A31A15F}.Release|x86.ActiveCfg = Release|Any CPU
		{40D98A60-5974-418B-9D07-2F556A31A15F}.Release|x86.Build.0 = Release|Any CPU
	EndGlobalSection
EndGlobal
